// !$*UTF8*$!
{
	archiveVersion = 1;
	classes = {
	};
	objectVersion = 46;
	objects = {

/* Begin PBXBuildFile section */
		4982FA8315E6D0F800127F75 /* negative.gif in Resources */ = {isa = PBXBuildFile; fileRef = 4982FA8215E6D0F800127F75 /* negative.gif */; };
		4982FA8615E6D12500127F75 /* alert.gif in Resources */ = {isa = PBXBuildFile; fileRef = 4982FA8515E6D12500127F75 /* alert.gif */; };
		4982FA8E15E6E1B100127F75 /* botao-02.png in Resources */ = {isa = PBXBuildFile; fileRef = 4982FA8D15E6E1B100127F75 /* botao-02.png */; };
		49D527D315E67B38000C7169 /* bg-01.png in Resources */ = {isa = PBXBuildFile; fileRef = 49D527D215E67B38000C7169 /* bg-01.png */; };
		49D527D715E688E0000C7169 /* botao-01.png in Resources */ = {isa = PBXBuildFile; fileRef = 49D527D615E688E0000C7169 /* botao-01.png */; };
		49D527D915E68BFC000C7169 /* positive.gif in Resources */ = {isa = PBXBuildFile; fileRef = 49D527D815E68BFC000C7169 /* positive.gif */; };
		DF0A44AB16262F5400B44CE6 /* Resposta.m in Sources */ = {isa = PBXBuildFile; fileRef = DF0A44AA16262F5400B44CE6 /* Resposta.m */; };
		DF0A44AE16262F5400B44CE6 /* Pergunta.m in Sources */ = {isa = PBXBuildFile; fileRef = DF0A44AD16262F5400B44CE6 /* Pergunta.m */; };
		DF0A44B116262F5500B44CE6 /* Foto.m in Sources */ = {isa = PBXBuildFile; fileRef = DF0A44B016262F5400B44CE6 /* Foto.m */; };
		DF0A44B416262F5500B44CE6 /* SecaoPerguntas.m in Sources */ = {isa = PBXBuildFile; fileRef = DF0A44B316262F5500B44CE6 /* SecaoPerguntas.m */; };
		DF0A44B716262F5500B44CE6 /* Avaliacao.m in Sources */ = {isa = PBXBuildFile; fileRef = DF0A44B616262F5500B44CE6 /* Avaliacao.m */; };
		DF0A44BA16262F5500B44CE6 /* Obra.m in Sources */ = {isa = PBXBuildFile; fileRef = DF0A44B916262F5500B44CE6 /* Obra.m */; };
		DF109F1A15B4A3D8000660BE /* SecaoPerguntasHeaderView.m in Sources */ = {isa = PBXBuildFile; fileRef = DF109F1C15B4A3D8000660BE /* SecaoPerguntasHeaderView.m */; };
		DF109F1D15B4A3F9000660BE /* RateView.m in Sources */ = {isa = PBXBuildFile; fileRef = DF109F1015B49F3F000660BE /* RateView.m */; };
		DF109F2215B4A9EE000660BE /* rate_star_half_green.png in Resources */ = {isa = PBXBuildFile; fileRef = DF109F1F15B4A9EE000660BE /* rate_star_half_green.png */; };
		DF109F2315B4A9EE000660BE /* rate_star_off_green.png in Resources */ = {isa = PBXBuildFile; fileRef = DF109F2015B4A9EE000660BE /* rate_star_off_green.png */; };
		DF109F2415B4A9EE000660BE /* rate_star_on_green.png in Resources */ = {isa = PBXBuildFile; fileRef = DF109F2115B4A9EE000660BE /* rate_star_on_green.png */; };
		DF109F2615B4B6AE000660BE /* SecaoResumoView.xib in Resources */ = {isa = PBXBuildFile; fileRef = DF109F2515B4B6AE000660BE /* SecaoResumoView.xib */; };
		DF109F2915B4BE1E000660BE /* ResumoAvaliacaoViewController.m in Sources */ = {isa = PBXBuildFile; fileRef = DF109F2815B4BE1E000660BE /* ResumoAvaliacaoViewController.m */; };
		DF1ACD40159CD2790037EA64 /* SecaoPerguntasHeaderView.xib in Resources */ = {isa = PBXBuildFile; fileRef = DF1ACD3F159CD2790037EA64 /* SecaoPerguntasHeaderView.xib */; };
		DF226E10159CA36200AD73AF /* SecaoPerguntasHeaderInfo.m in Sources */ = {isa = PBXBuildFile; fileRef = DF226E0F159CA36200AD73AF /* SecaoPerguntasHeaderInfo.m */; };
		DF226E15159CA73C00AD73AF /* QuartzCore.framework in Frameworks */ = {isa = PBXBuildFile; fileRef = DF226E14159CA73C00AD73AF /* QuartzCore.framework */; };
		DF2A941C1599268700E2CDA1 /* AvaliacoesTableViewController.m in Sources */ = {isa = PBXBuildFile; fileRef = DF2A941B1599268700E2CDA1 /* AvaliacoesTableViewController.m */; };
		DF32ED6D15981F410072AEBC /* PerguntaRespostaCell.m in Sources */ = {isa = PBXBuildFile; fileRef = DF32ED6C15981F410072AEBC /* PerguntaRespostaCell.m */; };
		DF33CC0B15BE70D2007C5BFE /* UIImagePickerViewController.m in Sources */ = {isa = PBXBuildFile; fileRef = DF33CC0A15BE70D2007C5BFE /* UIImagePickerViewController.m */; };
		DF33CC1915BF1C78007C5BFE /* UIImageToDataTransformer.m in Sources */ = {isa = PBXBuildFile; fileRef = DF33CC1815BF1C78007C5BFE /* UIImageToDataTransformer.m */; };
		DF33CC2F15BF3AA7007C5BFE /* FotosTableViewController.m in Sources */ = {isa = PBXBuildFile; fileRef = DF33CC2E15BF3AA7007C5BFE /* FotosTableViewController.m */; };
		DF475D1C15D3F00D0032F6BE /* UIImage+Resize.m in Sources */ = {isa = PBXBuildFile; fileRef = DF475D1B15D3F00D0032F6BE /* UIImage+Resize.m */; };
		DF475D2015D3F08F0032F6BE /* UIImage+RoundedCorner.m in Sources */ = {isa = PBXBuildFile; fileRef = DF475D1F15D3F08F0032F6BE /* UIImage+RoundedCorner.m */; };
		DF475D2315D3F0D80032F6BE /* UIImage+Alpha.m in Sources */ = {isa = PBXBuildFile; fileRef = DF475D2215D3F0D80032F6BE /* UIImage+Alpha.m */; };
		DF5B4F871594050F006C2476 /* PerguntaDetalheViewController.m in Sources */ = {isa = PBXBuildFile; fileRef = DF5B4F861594050F006C2476 /* PerguntaDetalheViewController.m */; };
		DF679F0115B7A8E600DDAFC0 /* ResumoSecaoPerguntasCell.m in Sources */ = {isa = PBXBuildFile; fileRef = DF679F0015B7A8E600DDAFC0 /* ResumoSecaoPerguntasCell.m */; };
		DF6F5A6315C8C5BA00CF79D6 /* NSData+CITBase64.m in Sources */ = {isa = PBXBuildFile; fileRef = DF6F5A6215C8C5BA00CF79D6 /* NSData+CITBase64.m */; };
		DF71B1EE1593819500D8A52F /* SecaoPerguntasTableViewController.m in Sources */ = {isa = PBXBuildFile; fileRef = DF71B1ED1593819500D8A52F /* SecaoPerguntasTableViewController.m */; };
		DF71B20615939D2A00D8A52F /* SecaoPerguntasDetalheViewController.m in Sources */ = {isa = PBXBuildFile; fileRef = DF71B20515939D2A00D8A52F /* SecaoPerguntasDetalheViewController.m */; };
		DF73BD3315943D0600538178 /* MapKit.framework in Frameworks */ = {isa = PBXBuildFile; fileRef = DF73BD3215943D0600538178 /* MapKit.framework */; };
		DF73BD3715944BDA00538178 /* MapViewAnnotation.m in Sources */ = {isa = PBXBuildFile; fileRef = DF73BD3615944BDA00538178 /* MapViewAnnotation.m */; };
		DFA7A63D15B8750100ED2FC8 /* circle_yellow.png in Resources */ = {isa = PBXBuildFile; fileRef = DFA7A63A15B8750100ED2FC8 /* circle_yellow.png */; };
		DFA7A63E15B8750100ED2FC8 /* circle_red.png in Resources */ = {isa = PBXBuildFile; fileRef = DFA7A63B15B8750100ED2FC8 /* circle_red.png */; };
		DFA7A63F15B8750100ED2FC8 /* circle_green.png in Resources */ = {isa = PBXBuildFile; fileRef = DFA7A63C15B8750100ED2FC8 /* circle_green.png */; };
		DFA7A64315B87B2A00ED2FC8 /* arrow_down_red.png in Resources */ = {isa = PBXBuildFile; fileRef = DFA7A64115B87B2A00ED2FC8 /* arrow_down_red.png */; };
		DFA7A64415B87B2A00ED2FC8 /* arrow_up_green.png in Resources */ = {isa = PBXBuildFile; fileRef = DFA7A64215B87B2A00ED2FC8 /* arrow_up_green.png */; };
		DFA7A64815B87C2600ED2FC8 /* rate_star_half_yellow.png in Resources */ = {isa = PBXBuildFile; fileRef = DFA7A64515B87C2600ED2FC8 /* rate_star_half_yellow.png */; };
		DFA7A64915B87C2600ED2FC8 /* rate_star_on_yellow.png in Resources */ = {isa = PBXBuildFile; fileRef = DFA7A64615B87C2600ED2FC8 /* rate_star_on_yellow.png */; };
		DFA7A64A15B87C2600ED2FC8 /* rate_star_off_yellow.png in Resources */ = {isa = PBXBuildFile; fileRef = DFA7A64715B87C2600ED2FC8 /* rate_star_off_yellow.png */; };
		DFA7A64C15B89E6D00ED2FC8 /* arrow_right_gray.png in Resources */ = {isa = PBXBuildFile; fileRef = DFA7A64B15B89E6D00ED2FC8 /* arrow_right_gray.png */; };
		DFA7A64E15B8EDDC00ED2FC8 /* prime.jpeg in Resources */ = {isa = PBXBuildFile; fileRef = DFA7A64D15B8EDDC00ED2FC8 /* prime.jpeg */; };
		DFADD42115E8441000A5D6D7 /* PreReportViewController.m in Sources */ = {isa = PBXBuildFile; fileRef = DFADD41E15E838BB00A5D6D7 /* PreReportViewController.m */; };
		DFCA8BCC15950CC500790F82 /* AvaliacaoTableViewController.m in Sources */ = {isa = PBXBuildFile; fileRef = DFCA8BCB15950CC500790F82 /* AvaliacaoTableViewController.m */; };
		DFE73BA315903BE900816FC8 /* UIKit.framework in Frameworks */ = {isa = PBXBuildFile; fileRef = DFE73BA215903BE800816FC8 /* UIKit.framework */; };
		DFE73BA515903BE900816FC8 /* Foundation.framework in Frameworks */ = {isa = PBXBuildFile; fileRef = DFE73BA415903BE900816FC8 /* Foundation.framework */; };
		DFE73BA715903BE900816FC8 /* CoreGraphics.framework in Frameworks */ = {isa = PBXBuildFile; fileRef = DFE73BA615903BE900816FC8 /* CoreGraphics.framework */; };
		DFE73BA915903BE900816FC8 /* CoreData.framework in Frameworks */ = {isa = PBXBuildFile; fileRef = DFE73BA815903BE900816FC8 /* CoreData.framework */; };
		DFE73BAF15903BE900816FC8 /* InfoPlist.strings in Resources */ = {isa = PBXBuildFile; fileRef = DFE73BAD15903BE900816FC8 /* InfoPlist.strings */; };
		DFE73BB115903BE900816FC8 /* main.m in Sources */ = {isa = PBXBuildFile; fileRef = DFE73BB015903BE900816FC8 /* main.m */; };
		DFE73BB515903BE900816FC8 /* PrimeInspecaoAppDelegate.m in Sources */ = {isa = PBXBuildFile; fileRef = DFE73BB415903BE900816FC8 /* PrimeInspecaoAppDelegate.m */; };
		DFE73BB815903BE900816FC8 /* MainStoryboard.storyboard in Resources */ = {isa = PBXBuildFile; fileRef = DFE73BB615903BE900816FC8 /* MainStoryboard.storyboard */; };
		DFE73BBB15903BE900816FC8 /* PrimeInspecao.xcdatamodeld in Sources */ = {isa = PBXBuildFile; fileRef = DFE73BB915903BE900816FC8 /* PrimeInspecao.xcdatamodeld */; };
		DFE73BBE15903BE900816FC8 /* PrimeInspecaoMasterViewController.m in Sources */ = {isa = PBXBuildFile; fileRef = DFE73BBD15903BE900816FC8 /* PrimeInspecaoMasterViewController.m */; };
		DFE73BC115903BE900816FC8 /* ObraDetalheViewController.m in Sources */ = {isa = PBXBuildFile; fileRef = DFE73BC015903BE900816FC8 /* ObraDetalheViewController.m */; };
		DFE73BC915903EBA00816FC8 /* ObrasTableViewController.m in Sources */ = {isa = PBXBuildFile; fileRef = DFE73BC815903EBA00816FC8 /* ObrasTableViewController.m */; };
		DFF08D9915BF9D3C0034D15C /* FotoDetalheViewController.m in Sources */ = {isa = PBXBuildFile; fileRef = DFF08D9815BF9D3C0034D15C /* FotoDetalheViewController.m */; };
		DFFD6DD81614BC8700149997 /* MessageUI.framework in Frameworks */ = {isa = PBXBuildFile; fileRef = DFFD6DD71614BC8700149997 /* MessageUI.framework */; };
		DFFD6DDC1614C1A600149997 /* PreviewPdfViewController.m in Sources */ = {isa = PBXBuildFile; fileRef = DFFD6DDB1614C1A600149997 /* PreviewPdfViewController.m */; };
		DFFD6DDE1615311100149997 /* accepted.png in Resources */ = {isa = PBXBuildFile; fileRef = DFFD6DDD1615311100149997 /* accepted.png */; };
		DFFD6DE01615313500149997 /* cancel.png in Resources */ = {isa = PBXBuildFile; fileRef = DFFD6DDF1615313500149997 /* cancel.png */; };
/* End PBXBuildFile section */

/* Begin PBXFileReference section */
		4982FA8215E6D0F800127F75 /* negative.gif */ = {isa = PBXFileReference; lastKnownFileType = image.gif; path = negative.gif; sourceTree = "<group>"; };
		4982FA8515E6D12500127F75 /* alert.gif */ = {isa = PBXFileReference; lastKnownFileType = image.gif; path = alert.gif; sourceTree = "<group>"; };
		4982FA8D15E6E1B100127F75 /* botao-02.png */ = {isa = PBXFileReference; lastKnownFileType = image.png; path = "botao-02.png"; sourceTree = "<group>"; };
		49D527D215E67B38000C7169 /* bg-01.png */ = {isa = PBXFileReference; lastKnownFileType = image.png; path = "bg-01.png"; sourceTree = "<group>"; };
		49D527D615E688E0000C7169 /* botao-01.png */ = {isa = PBXFileReference; lastKnownFileType = image.png; path = "botao-01.png"; sourceTree = "<group>"; };
		49D527D815E68BFC000C7169 /* positive.gif */ = {isa = PBXFileReference; lastKnownFileType = image.gif; path = positive.gif; sourceTree = "<group>"; };
		DF0A44A916262F5400B44CE6 /* Resposta.h */ = {isa = PBXFileReference; fileEncoding = 4; lastKnownFileType = sourcecode.c.h; name = Resposta.h; path = PrimeInspecao/Resposta.h; sourceTree = "<group>"; };
		DF0A44AA16262F5400B44CE6 /* Resposta.m */ = {isa = PBXFileReference; fileEncoding = 4; lastKnownFileType = sourcecode.c.objc; name = Resposta.m; path = PrimeInspecao/Resposta.m; sourceTree = "<group>"; };
		DF0A44AC16262F5400B44CE6 /* Pergunta.h */ = {isa = PBXFileReference; fileEncoding = 4; lastKnownFileType = sourcecode.c.h; name = Pergunta.h; path = PrimeInspecao/Pergunta.h; sourceTree = "<group>"; };
		DF0A44AD16262F5400B44CE6 /* Pergunta.m */ = {isa = PBXFileReference; fileEncoding = 4; lastKnownFileType = sourcecode.c.objc; name = Pergunta.m; path = PrimeInspecao/Pergunta.m; sourceTree = "<group>"; };
		DF0A44AF16262F5400B44CE6 /* Foto.h */ = {isa = PBXFileReference; fileEncoding = 4; lastKnownFileType = sourcecode.c.h; name = Foto.h; path = PrimeInspecao/Foto.h; sourceTree = "<group>"; };
		DF0A44B016262F5400B44CE6 /* Foto.m */ = {isa = PBXFileReference; fileEncoding = 4; lastKnownFileType = sourcecode.c.objc; name = Foto.m; path = PrimeInspecao/Foto.m; sourceTree = "<group>"; };
		DF0A44B216262F5500B44CE6 /* SecaoPerguntas.h */ = {isa = PBXFileReference; fileEncoding = 4; lastKnownFileType = sourcecode.c.h; name = SecaoPerguntas.h; path = PrimeInspecao/SecaoPerguntas.h; sourceTree = "<group>"; };
		DF0A44B316262F5500B44CE6 /* SecaoPerguntas.m */ = {isa = PBXFileReference; fileEncoding = 4; lastKnownFileType = sourcecode.c.objc; name = SecaoPerguntas.m; path = PrimeInspecao/SecaoPerguntas.m; sourceTree = "<group>"; };
		DF0A44B516262F5500B44CE6 /* Avaliacao.h */ = {isa = PBXFileReference; fileEncoding = 4; lastKnownFileType = sourcecode.c.h; name = Avaliacao.h; path = PrimeInspecao/Avaliacao.h; sourceTree = "<group>"; };
		DF0A44B616262F5500B44CE6 /* Avaliacao.m */ = {isa = PBXFileReference; fileEncoding = 4; lastKnownFileType = sourcecode.c.objc; name = Avaliacao.m; path = PrimeInspecao/Avaliacao.m; sourceTree = "<group>"; };
		DF0A44B816262F5500B44CE6 /* Obra.h */ = {isa = PBXFileReference; fileEncoding = 4; lastKnownFileType = sourcecode.c.h; name = Obra.h; path = PrimeInspecao/Obra.h; sourceTree = "<group>"; };
		DF0A44B916262F5500B44CE6 /* Obra.m */ = {isa = PBXFileReference; fileEncoding = 4; lastKnownFileType = sourcecode.c.objc; name = Obra.m; path = PrimeInspecao/Obra.m; sourceTree = "<group>"; };
		DF109F0F15B49F3F000660BE /* RateView.h */ = {isa = PBXFileReference; lastKnownFileType = sourcecode.c.h; path = RateView.h; sourceTree = "<group>"; };
		DF109F1015B49F3F000660BE /* RateView.m */ = {isa = PBXFileReference; lastKnownFileType = sourcecode.c.objc; path = RateView.m; sourceTree = "<group>"; };
		DF109F1F15B4A9EE000660BE /* rate_star_half_green.png */ = {isa = PBXFileReference; lastKnownFileType = image.png; path = rate_star_half_green.png; sourceTree = "<group>"; };
		DF109F2015B4A9EE000660BE /* rate_star_off_green.png */ = {isa = PBXFileReference; lastKnownFileType = image.png; path = rate_star_off_green.png; sourceTree = "<group>"; };
		DF109F2115B4A9EE000660BE /* rate_star_on_green.png */ = {isa = PBXFileReference; lastKnownFileType = image.png; path = rate_star_on_green.png; sourceTree = "<group>"; };
		DF109F2515B4B6AE000660BE /* SecaoResumoView.xib */ = {isa = PBXFileReference; fileEncoding = 4; lastKnownFileType = file.xib; path = SecaoResumoView.xib; sourceTree = "<group>"; };
		DF109F2715B4BE1E000660BE /* ResumoAvaliacaoViewController.h */ = {isa = PBXFileReference; fileEncoding = 4; lastKnownFileType = sourcecode.c.h; path = ResumoAvaliacaoViewController.h; sourceTree = "<group>"; };
		DF109F2815B4BE1E000660BE /* ResumoAvaliacaoViewController.m */ = {isa = PBXFileReference; fileEncoding = 4; lastKnownFileType = sourcecode.c.objc; path = ResumoAvaliacaoViewController.m; sourceTree = "<group>"; };
		DF1ACD3F159CD2790037EA64 /* SecaoPerguntasHeaderView.xib */ = {isa = PBXFileReference; fileEncoding = 4; lastKnownFileType = file.xib; path = SecaoPerguntasHeaderView.xib; sourceTree = "<group>"; };
		DF226E0E159CA36200AD73AF /* SecaoPerguntasHeaderInfo.h */ = {isa = PBXFileReference; fileEncoding = 4; lastKnownFileType = sourcecode.c.h; path = SecaoPerguntasHeaderInfo.h; sourceTree = "<group>"; };
		DF226E0F159CA36200AD73AF /* SecaoPerguntasHeaderInfo.m */ = {isa = PBXFileReference; fileEncoding = 4; lastKnownFileType = sourcecode.c.objc; path = SecaoPerguntasHeaderInfo.m; sourceTree = "<group>"; };
		DF226E11159CA3AE00AD73AF /* SecaoPerguntasHeaderView.h */ = {isa = PBXFileReference; fileEncoding = 4; lastKnownFileType = sourcecode.c.h; path = SecaoPerguntasHeaderView.h; sourceTree = "<group>"; };
		DF226E14159CA73C00AD73AF /* QuartzCore.framework */ = {isa = PBXFileReference; lastKnownFileType = wrapper.framework; name = QuartzCore.framework; path = System/Library/Frameworks/QuartzCore.framework; sourceTree = SDKROOT; };
		DF298A8015E848AA008FAE51 /* pt */ = {isa = PBXFileReference; lastKnownFileType = text.plist.strings; name = pt; path = pt.lproj/InfoPlist.strings; sourceTree = "<group>"; };
		DF298A8115E848AA008FAE51 /* pt */ = {isa = PBXFileReference; lastKnownFileType = sourcecode.c.objc; name = pt; path = pt.lproj/SecaoPerguntasHeaderView.m; sourceTree = "<group>"; };
		DF298A8215E848AA008FAE51 /* pt */ = {isa = PBXFileReference; lastKnownFileType = file.storyboard; name = pt; path = pt.lproj/MainStoryboard.storyboard; sourceTree = "<group>"; };
		DF2A941A1599268700E2CDA1 /* AvaliacoesTableViewController.h */ = {isa = PBXFileReference; fileEncoding = 4; lastKnownFileType = sourcecode.c.h; path = AvaliacoesTableViewController.h; sourceTree = "<group>"; };
		DF2A941B1599268700E2CDA1 /* AvaliacoesTableViewController.m */ = {isa = PBXFileReference; fileEncoding = 4; lastKnownFileType = sourcecode.c.objc; path = AvaliacoesTableViewController.m; sourceTree = "<group>"; };
		DF32ED6B15981F410072AEBC /* PerguntaRespostaCell.h */ = {isa = PBXFileReference; fileEncoding = 4; lastKnownFileType = sourcecode.c.h; path = PerguntaRespostaCell.h; sourceTree = "<group>"; };
		DF32ED6C15981F410072AEBC /* PerguntaRespostaCell.m */ = {isa = PBXFileReference; fileEncoding = 4; lastKnownFileType = sourcecode.c.objc; path = PerguntaRespostaCell.m; sourceTree = "<group>"; };
		DF33CC0915BE70D2007C5BFE /* UIImagePickerViewController.h */ = {isa = PBXFileReference; fileEncoding = 4; lastKnownFileType = sourcecode.c.h; path = UIImagePickerViewController.h; sourceTree = "<group>"; };
		DF33CC0A15BE70D2007C5BFE /* UIImagePickerViewController.m */ = {isa = PBXFileReference; fileEncoding = 4; lastKnownFileType = sourcecode.c.objc; path = UIImagePickerViewController.m; sourceTree = "<group>"; };
		DF33CC1715BF1C78007C5BFE /* UIImageToDataTransformer.h */ = {isa = PBXFileReference; fileEncoding = 4; lastKnownFileType = sourcecode.c.h; name = UIImageToDataTransformer.h; path = PrimeInspecao/UIImageToDataTransformer.h; sourceTree = "<group>"; };
		DF33CC1815BF1C78007C5BFE /* UIImageToDataTransformer.m */ = {isa = PBXFileReference; fileEncoding = 4; lastKnownFileType = sourcecode.c.objc; name = UIImageToDataTransformer.m; path = PrimeInspecao/UIImageToDataTransformer.m; sourceTree = "<group>"; };
		DF33CC2D15BF3AA7007C5BFE /* FotosTableViewController.h */ = {isa = PBXFileReference; fileEncoding = 4; lastKnownFileType = sourcecode.c.h; path = FotosTableViewController.h; sourceTree = "<group>"; };
		DF33CC2E15BF3AA7007C5BFE /* FotosTableViewController.m */ = {isa = PBXFileReference; fileEncoding = 4; lastKnownFileType = sourcecode.c.objc; path = FotosTableViewController.m; sourceTree = "<group>"; };
		DF475D1A15D3F00D0032F6BE /* UIImage+Resize.h */ = {isa = PBXFileReference; fileEncoding = 4; lastKnownFileType = sourcecode.c.h; path = "UIImage+Resize.h"; sourceTree = "<group>"; };
		DF475D1B15D3F00D0032F6BE /* UIImage+Resize.m */ = {isa = PBXFileReference; fileEncoding = 4; lastKnownFileType = sourcecode.c.objc; path = "UIImage+Resize.m"; sourceTree = "<group>"; };
		DF475D1E15D3F08F0032F6BE /* UIImage+RoundedCorner.h */ = {isa = PBXFileReference; fileEncoding = 4; lastKnownFileType = sourcecode.c.h; path = "UIImage+RoundedCorner.h"; sourceTree = "<group>"; };
		DF475D1F15D3F08F0032F6BE /* UIImage+RoundedCorner.m */ = {isa = PBXFileReference; fileEncoding = 4; lastKnownFileType = sourcecode.c.objc; path = "UIImage+RoundedCorner.m"; sourceTree = "<group>"; };
		DF475D2115D3F0D80032F6BE /* UIImage+Alpha.h */ = {isa = PBXFileReference; fileEncoding = 4; lastKnownFileType = sourcecode.c.h; path = "UIImage+Alpha.h"; sourceTree = "<group>"; };
		DF475D2215D3F0D80032F6BE /* UIImage+Alpha.m */ = {isa = PBXFileReference; fileEncoding = 4; lastKnownFileType = sourcecode.c.objc; path = "UIImage+Alpha.m"; sourceTree = "<group>"; };
		DF5B4F851594050F006C2476 /* PerguntaDetalheViewController.h */ = {isa = PBXFileReference; fileEncoding = 4; lastKnownFileType = sourcecode.c.h; name = PerguntaDetalheViewController.h; path = PrimeInspecao/PerguntaDetalheViewController.h; sourceTree = "<group>"; };
		DF5B4F861594050F006C2476 /* PerguntaDetalheViewController.m */ = {isa = PBXFileReference; fileEncoding = 4; lastKnownFileType = sourcecode.c.objc; name = PerguntaDetalheViewController.m; path = PrimeInspecao/PerguntaDetalheViewController.m; sourceTree = "<group>"; };
		DF679EFF15B7A8E600DDAFC0 /* ResumoSecaoPerguntasCell.h */ = {isa = PBXFileReference; fileEncoding = 4; lastKnownFileType = sourcecode.c.h; path = ResumoSecaoPerguntasCell.h; sourceTree = "<group>"; };
		DF679F0015B7A8E600DDAFC0 /* ResumoSecaoPerguntasCell.m */ = {isa = PBXFileReference; fileEncoding = 4; lastKnownFileType = sourcecode.c.objc; path = ResumoSecaoPerguntasCell.m; sourceTree = "<group>"; };
		DF6F5A6115C8C5BA00CF79D6 /* NSData+CITBase64.h */ = {isa = PBXFileReference; fileEncoding = 4; lastKnownFileType = sourcecode.c.h; path = "NSData+CITBase64.h"; sourceTree = "<group>"; };
		DF6F5A6215C8C5BA00CF79D6 /* NSData+CITBase64.m */ = {isa = PBXFileReference; fileEncoding = 4; lastKnownFileType = sourcecode.c.objc; path = "NSData+CITBase64.m"; sourceTree = "<group>"; };
		DF71B1EC1593819500D8A52F /* SecaoPerguntasTableViewController.h */ = {isa = PBXFileReference; fileEncoding = 4; lastKnownFileType = sourcecode.c.h; name = SecaoPerguntasTableViewController.h; path = PrimeInspecao/SecaoPerguntasTableViewController.h; sourceTree = "<group>"; };
		DF71B1ED1593819500D8A52F /* SecaoPerguntasTableViewController.m */ = {isa = PBXFileReference; fileEncoding = 4; lastKnownFileType = sourcecode.c.objc; name = SecaoPerguntasTableViewController.m; path = PrimeInspecao/SecaoPerguntasTableViewController.m; sourceTree = "<group>"; };
		DF71B20415939D2A00D8A52F /* SecaoPerguntasDetalheViewController.h */ = {isa = PBXFileReference; fileEncoding = 4; lastKnownFileType = sourcecode.c.h; name = SecaoPerguntasDetalheViewController.h; path = PrimeInspecao/SecaoPerguntasDetalheViewController.h; sourceTree = "<group>"; };
		DF71B20515939D2A00D8A52F /* SecaoPerguntasDetalheViewController.m */ = {isa = PBXFileReference; fileEncoding = 4; lastKnownFileType = sourcecode.c.objc; name = SecaoPerguntasDetalheViewController.m; path = PrimeInspecao/SecaoPerguntasDetalheViewController.m; sourceTree = "<group>"; };
		DF73BD3215943D0600538178 /* MapKit.framework */ = {isa = PBXFileReference; lastKnownFileType = wrapper.framework; name = MapKit.framework; path = System/Library/Frameworks/MapKit.framework; sourceTree = SDKROOT; };
		DF73BD3515944BDA00538178 /* MapViewAnnotation.h */ = {isa = PBXFileReference; fileEncoding = 4; lastKnownFileType = sourcecode.c.h; path = MapViewAnnotation.h; sourceTree = "<group>"; };
		DF73BD3615944BDA00538178 /* MapViewAnnotation.m */ = {isa = PBXFileReference; fileEncoding = 4; lastKnownFileType = sourcecode.c.objc; path = MapViewAnnotation.m; sourceTree = "<group>"; };
		DFA7A63A15B8750100ED2FC8 /* circle_yellow.png */ = {isa = PBXFileReference; lastKnownFileType = image.png; path = circle_yellow.png; sourceTree = "<group>"; };
		DFA7A63B15B8750100ED2FC8 /* circle_red.png */ = {isa = PBXFileReference; lastKnownFileType = image.png; path = circle_red.png; sourceTree = "<group>"; };
		DFA7A63C15B8750100ED2FC8 /* circle_green.png */ = {isa = PBXFileReference; lastKnownFileType = image.png; path = circle_green.png; sourceTree = "<group>"; };
		DFA7A64115B87B2A00ED2FC8 /* arrow_down_red.png */ = {isa = PBXFileReference; lastKnownFileType = image.png; path = arrow_down_red.png; sourceTree = "<group>"; };
		DFA7A64215B87B2A00ED2FC8 /* arrow_up_green.png */ = {isa = PBXFileReference; lastKnownFileType = image.png; path = arrow_up_green.png; sourceTree = "<group>"; };
		DFA7A64515B87C2600ED2FC8 /* rate_star_half_yellow.png */ = {isa = PBXFileReference; lastKnownFileType = image.png; path = rate_star_half_yellow.png; sourceTree = "<group>"; };
		DFA7A64615B87C2600ED2FC8 /* rate_star_on_yellow.png */ = {isa = PBXFileReference; lastKnownFileType = image.png; path = rate_star_on_yellow.png; sourceTree = "<group>"; };
		DFA7A64715B87C2600ED2FC8 /* rate_star_off_yellow.png */ = {isa = PBXFileReference; lastKnownFileType = image.png; path = rate_star_off_yellow.png; sourceTree = "<group>"; };
		DFA7A64B15B89E6D00ED2FC8 /* arrow_right_gray.png */ = {isa = PBXFileReference; lastKnownFileType = image.png; path = arrow_right_gray.png; sourceTree = "<group>"; };
		DFA7A64D15B8EDDC00ED2FC8 /* prime.jpeg */ = {isa = PBXFileReference; lastKnownFileType = image.jpeg; path = prime.jpeg; sourceTree = "<group>"; };
		DFADD41D15E838BB00A5D6D7 /* PreReportViewController.h */ = {isa = PBXFileReference; lastKnownFileType = sourcecode.c.h; path = PreReportViewController.h; sourceTree = "<group>"; };
		DFADD41E15E838BB00A5D6D7 /* PreReportViewController.m */ = {isa = PBXFileReference; lastKnownFileType = sourcecode.c.objc; path = PreReportViewController.m; sourceTree = "<group>"; };
		DFCA8BCA15950CC500790F82 /* AvaliacaoTableViewController.h */ = {isa = PBXFileReference; fileEncoding = 4; lastKnownFileType = sourcecode.c.h; path = AvaliacaoTableViewController.h; sourceTree = "<group>"; };
		DFCA8BCB15950CC500790F82 /* AvaliacaoTableViewController.m */ = {isa = PBXFileReference; fileEncoding = 4; lastKnownFileType = sourcecode.c.objc; path = AvaliacaoTableViewController.m; sourceTree = "<group>"; };
		DFE73B9E15903BE800816FC8 /* PrimeInspecao.app */ = {isa = PBXFileReference; explicitFileType = wrapper.application; includeInIndex = 0; path = PrimeInspecao.app; sourceTree = BUILT_PRODUCTS_DIR; };
		DFE73BA215903BE800816FC8 /* UIKit.framework */ = {isa = PBXFileReference; lastKnownFileType = wrapper.framework; name = UIKit.framework; path = System/Library/Frameworks/UIKit.framework; sourceTree = SDKROOT; };
		DFE73BA415903BE900816FC8 /* Foundation.framework */ = {isa = PBXFileReference; lastKnownFileType = wrapper.framework; name = Foundation.framework; path = System/Library/Frameworks/Foundation.framework; sourceTree = SDKROOT; };
		DFE73BA615903BE900816FC8 /* CoreGraphics.framework */ = {isa = PBXFileReference; lastKnownFileType = wrapper.framework; name = CoreGraphics.framework; path = System/Library/Frameworks/CoreGraphics.framework; sourceTree = SDKROOT; };
		DFE73BA815903BE900816FC8 /* CoreData.framework */ = {isa = PBXFileReference; lastKnownFileType = wrapper.framework; name = CoreData.framework; path = System/Library/Frameworks/CoreData.framework; sourceTree = SDKROOT; };
		DFE73BAC15903BE900816FC8 /* PrimeInspecao-Info.plist */ = {isa = PBXFileReference; lastKnownFileType = text.plist.xml; path = "PrimeInspecao-Info.plist"; sourceTree = "<group>"; };
		DFE73BB015903BE900816FC8 /* main.m */ = {isa = PBXFileReference; lastKnownFileType = sourcecode.c.objc; path = main.m; sourceTree = "<group>"; };
		DFE73BB215903BE900816FC8 /* PrimeInspecao-Prefix.pch */ = {isa = PBXFileReference; lastKnownFileType = sourcecode.c.h; path = "PrimeInspecao-Prefix.pch"; sourceTree = "<group>"; };
		DFE73BB315903BE900816FC8 /* PrimeInspecaoAppDelegate.h */ = {isa = PBXFileReference; lastKnownFileType = sourcecode.c.h; path = PrimeInspecaoAppDelegate.h; sourceTree = "<group>"; };
		DFE73BB415903BE900816FC8 /* PrimeInspecaoAppDelegate.m */ = {isa = PBXFileReference; lastKnownFileType = sourcecode.c.objc; path = PrimeInspecaoAppDelegate.m; sourceTree = "<group>"; };
		DFE73BBA15903BE900816FC8 /* PrimeInspecao.xcdatamodel */ = {isa = PBXFileReference; lastKnownFileType = wrapper.xcdatamodel; path = PrimeInspecao.xcdatamodel; sourceTree = "<group>"; };
		DFE73BBC15903BE900816FC8 /* PrimeInspecaoMasterViewController.h */ = {isa = PBXFileReference; lastKnownFileType = sourcecode.c.h; path = PrimeInspecaoMasterViewController.h; sourceTree = "<group>"; };
		DFE73BBD15903BE900816FC8 /* PrimeInspecaoMasterViewController.m */ = {isa = PBXFileReference; lastKnownFileType = sourcecode.c.objc; path = PrimeInspecaoMasterViewController.m; sourceTree = "<group>"; };
		DFE73BBF15903BE900816FC8 /* ObraDetalheViewController.h */ = {isa = PBXFileReference; lastKnownFileType = sourcecode.c.h; path = ObraDetalheViewController.h; sourceTree = "<group>"; };
		DFE73BC015903BE900816FC8 /* ObraDetalheViewController.m */ = {isa = PBXFileReference; lastKnownFileType = sourcecode.c.objc; path = ObraDetalheViewController.m; sourceTree = "<group>"; };
		DFE73BC715903EBA00816FC8 /* ObrasTableViewController.h */ = {isa = PBXFileReference; fileEncoding = 4; lastKnownFileType = sourcecode.c.h; path = ObrasTableViewController.h; sourceTree = "<group>"; };
		DFE73BC815903EBA00816FC8 /* ObrasTableViewController.m */ = {isa = PBXFileReference; fileEncoding = 4; lastKnownFileType = sourcecode.c.objc; path = ObrasTableViewController.m; sourceTree = "<group>"; };
		DFF08D9715BF9D3C0034D15C /* FotoDetalheViewController.h */ = {isa = PBXFileReference; fileEncoding = 4; lastKnownFileType = sourcecode.c.h; path = FotoDetalheViewController.h; sourceTree = "<group>"; };
		DFF08D9815BF9D3C0034D15C /* FotoDetalheViewController.m */ = {isa = PBXFileReference; fileEncoding = 4; lastKnownFileType = sourcecode.c.objc; path = FotoDetalheViewController.m; sourceTree = "<group>"; };
		DFFD6DD71614BC8700149997 /* MessageUI.framework */ = {isa = PBXFileReference; lastKnownFileType = wrapper.framework; name = MessageUI.framework; path = System/Library/Frameworks/MessageUI.framework; sourceTree = SDKROOT; };
		DFFD6DDA1614C1A600149997 /* PreviewPdfViewController.h */ = {isa = PBXFileReference; fileEncoding = 4; lastKnownFileType = sourcecode.c.h; path = PreviewPdfViewController.h; sourceTree = "<group>"; };
		DFFD6DDB1614C1A600149997 /* PreviewPdfViewController.m */ = {isa = PBXFileReference; fileEncoding = 4; lastKnownFileType = sourcecode.c.objc; path = PreviewPdfViewController.m; sourceTree = "<group>"; };
		DFFD6DDD1615311100149997 /* accepted.png */ = {isa = PBXFileReference; lastKnownFileType = image.png; path = accepted.png; sourceTree = "<group>"; };
		DFFD6DDF1615313500149997 /* cancel.png */ = {isa = PBXFileReference; lastKnownFileType = image.png; path = cancel.png; sourceTree = "<group>"; };
/* End PBXFileReference section */

/* Begin PBXFrameworksBuildPhase section */
		DFE73B9B15903BE800816FC8 /* Frameworks */ = {
			isa = PBXFrameworksBuildPhase;
			buildActionMask = 2147483647;
			files = (
				DFFD6DD81614BC8700149997 /* MessageUI.framework in Frameworks */,
				DF226E15159CA73C00AD73AF /* QuartzCore.framework in Frameworks */,
				DF73BD3315943D0600538178 /* MapKit.framework in Frameworks */,
				DFE73BA315903BE900816FC8 /* UIKit.framework in Frameworks */,
				DFE73BA515903BE900816FC8 /* Foundation.framework in Frameworks */,
				DFE73BA715903BE900816FC8 /* CoreGraphics.framework in Frameworks */,
				DFE73BA915903BE900816FC8 /* CoreData.framework in Frameworks */,
			);
			runOnlyForDeploymentPostprocessing = 0;
		};
/* End PBXFrameworksBuildPhase section */

/* Begin PBXGroup section */
		DF109F1E15B4A9DF000660BE /* stars */ = {
			isa = PBXGroup;
			children = (
				DFFD6DDF1615313500149997 /* cancel.png */,
				DFFD6DDD1615311100149997 /* accepted.png */,
				DFA7A64D15B8EDDC00ED2FC8 /* prime.jpeg */,
				DFA7A64B15B89E6D00ED2FC8 /* arrow_right_gray.png */,
				DFA7A64515B87C2600ED2FC8 /* rate_star_half_yellow.png */,
				DFA7A64615B87C2600ED2FC8 /* rate_star_on_yellow.png */,
				DFA7A64715B87C2600ED2FC8 /* rate_star_off_yellow.png */,
				DFA7A64115B87B2A00ED2FC8 /* arrow_down_red.png */,
				DFA7A64215B87B2A00ED2FC8 /* arrow_up_green.png */,
				DFA7A63A15B8750100ED2FC8 /* circle_yellow.png */,
				DFA7A63B15B8750100ED2FC8 /* circle_red.png */,
				DFA7A63C15B8750100ED2FC8 /* circle_green.png */,
				DF109F1F15B4A9EE000660BE /* rate_star_half_green.png */,
				DF109F2015B4A9EE000660BE /* rate_star_off_green.png */,
				DF109F2115B4A9EE000660BE /* rate_star_on_green.png */,
			);
			name = stars;
			sourceTree = "<group>";
		};
		DF33CC2C15BF3706007C5BFE /* Fotos */ = {
			isa = PBXGroup;
			children = (
				DF33CC0915BE70D2007C5BFE /* UIImagePickerViewController.h */,
				DF33CC0A15BE70D2007C5BFE /* UIImagePickerViewController.m */,
				DF33CC2D15BF3AA7007C5BFE /* FotosTableViewController.h */,
				DF33CC2E15BF3AA7007C5BFE /* FotosTableViewController.m */,
				DFF08D9715BF9D3C0034D15C /* FotoDetalheViewController.h */,
				DFF08D9815BF9D3C0034D15C /* FotoDetalheViewController.m */,
			);
			name = Fotos;
			sourceTree = "<group>";
		};
		DF71B1F3159381CA00D8A52F /* Model and Model Classes */ = {
			isa = PBXGroup;
			children = (
				DF33CC1715BF1C78007C5BFE /* UIImageToDataTransformer.h */,
				DF33CC1815BF1C78007C5BFE /* UIImageToDataTransformer.m */,
				DFE73BB915903BE900816FC8 /* PrimeInspecao.xcdatamodeld */,
				DF0A44B816262F5500B44CE6 /* Obra.h */,
				DF0A44B916262F5500B44CE6 /* Obra.m */,
				DF0A44B516262F5500B44CE6 /* Avaliacao.h */,
				DF0A44B616262F5500B44CE6 /* Avaliacao.m */,
				DF0A44B216262F5500B44CE6 /* SecaoPerguntas.h */,
				DF0A44B316262F5500B44CE6 /* SecaoPerguntas.m */,
				DF0A44AF16262F5400B44CE6 /* Foto.h */,
				DF0A44B016262F5400B44CE6 /* Foto.m */,
				DF0A44AC16262F5400B44CE6 /* Pergunta.h */,
				DF0A44AD16262F5400B44CE6 /* Pergunta.m */,
				DF0A44A916262F5400B44CE6 /* Resposta.h */,
				DF0A44AA16262F5400B44CE6 /* Resposta.m */,
			);
			name = "Model and Model Classes";
			path = ..;
			sourceTree = "<group>";
		};
		DF71B2421593B1B000D8A52F /* Perguntas */ = {
			isa = PBXGroup;
			children = (
				DF5B4F851594050F006C2476 /* PerguntaDetalheViewController.h */,
				DF5B4F861594050F006C2476 /* PerguntaDetalheViewController.m */,
				DF71B1EC1593819500D8A52F /* SecaoPerguntasTableViewController.h */,
				DF71B1ED1593819500D8A52F /* SecaoPerguntasTableViewController.m */,
				DF71B20415939D2A00D8A52F /* SecaoPerguntasDetalheViewController.h */,
				DF71B20515939D2A00D8A52F /* SecaoPerguntasDetalheViewController.m */,
			);
			name = Perguntas;
			path = ..;
			sourceTree = "<group>";
		};
		DFCA8BC715950B8A00790F82 /* Obras */ = {
			isa = PBXGroup;
			children = (
				DFE73BC715903EBA00816FC8 /* ObrasTableViewController.h */,
				DFE73BC815903EBA00816FC8 /* ObrasTableViewController.m */,
				DFE73BBF15903BE900816FC8 /* ObraDetalheViewController.h */,
				DFE73BC015903BE900816FC8 /* ObraDetalheViewController.m */,
				DF73BD3515944BDA00538178 /* MapViewAnnotation.h */,
				DF73BD3615944BDA00538178 /* MapViewAnnotation.m */,
			);
			name = Obras;
			sourceTree = "<group>";
		};
		DFCA8BC915950BC100790F82 /* Avaliacao */ = {
			isa = PBXGroup;
			children = (
				DF679EFF15B7A8E600DDAFC0 /* ResumoSecaoPerguntasCell.h */,
				DF679F0015B7A8E600DDAFC0 /* ResumoSecaoPerguntasCell.m */,
				DF109F2715B4BE1E000660BE /* ResumoAvaliacaoViewController.h */,
				DF109F2815B4BE1E000660BE /* ResumoAvaliacaoViewController.m */,
				DFCA8BCA15950CC500790F82 /* AvaliacaoTableViewController.h */,
				DFCA8BCB15950CC500790F82 /* AvaliacaoTableViewController.m */,
				DF32ED6B15981F410072AEBC /* PerguntaRespostaCell.h */,
				DF32ED6C15981F410072AEBC /* PerguntaRespostaCell.m */,
				DF2A941A1599268700E2CDA1 /* AvaliacoesTableViewController.h */,
				DF2A941B1599268700E2CDA1 /* AvaliacoesTableViewController.m */,
				DF226E0E159CA36200AD73AF /* SecaoPerguntasHeaderInfo.h */,
				DF226E0F159CA36200AD73AF /* SecaoPerguntasHeaderInfo.m */,
				DF226E11159CA3AE00AD73AF /* SecaoPerguntasHeaderView.h */,
				DF109F1C15B4A3D8000660BE /* SecaoPerguntasHeaderView.m */,
				DF1ACD3F159CD2790037EA64 /* SecaoPerguntasHeaderView.xib */,
			);
			name = Avaliacao;
			sourceTree = "<group>";
		};
		DFE73B9315903BE800816FC8 = {
			isa = PBXGroup;
			children = (
				DFE73BAA15903BE900816FC8 /* PrimeInspecao */,
				DFE73BA115903BE800816FC8 /* Frameworks */,
				DFE73B9F15903BE800816FC8 /* Products */,
			);
			sourceTree = "<group>";
		};
		DFE73B9F15903BE800816FC8 /* Products */ = {
			isa = PBXGroup;
			children = (
				DFE73B9E15903BE800816FC8 /* PrimeInspecao.app */,
			);
			name = Products;
			sourceTree = "<group>";
		};
		DFE73BA115903BE800816FC8 /* Frameworks */ = {
			isa = PBXGroup;
			children = (
				DFFD6DD71614BC8700149997 /* MessageUI.framework */,
				DF226E14159CA73C00AD73AF /* QuartzCore.framework */,
				DF73BD3215943D0600538178 /* MapKit.framework */,
				DFE73BA215903BE800816FC8 /* UIKit.framework */,
				DFE73BA415903BE900816FC8 /* Foundation.framework */,
				DFE73BA615903BE900816FC8 /* CoreGraphics.framework */,
				DFE73BA815903BE900816FC8 /* CoreData.framework */,
			);
			name = Frameworks;
			sourceTree = "<group>";
		};
		DFE73BAA15903BE900816FC8 /* PrimeInspecao */ = {
			isa = PBXGroup;
			children = (
				DF109F1E15B4A9DF000660BE /* stars */,
				DFE73BAB15903BE900816FC8 /* Supporting Files */,
				DF71B1F3159381CA00D8A52F /* Model and Model Classes */,
				DF33CC2C15BF3706007C5BFE /* Fotos */,
				DF71B2421593B1B000D8A52F /* Perguntas */,
				DFCA8BC715950B8A00790F82 /* Obras */,
				DFCA8BC915950BC100790F82 /* Avaliacao */,
				DFE73BB615903BE900816FC8 /* MainStoryboard.storyboard */,
				DF109F0F15B49F3F000660BE /* RateView.h */,
				DF109F1015B49F3F000660BE /* RateView.m */,
				DFE73BB315903BE900816FC8 /* PrimeInspecaoAppDelegate.h */,
				DFE73BB415903BE900816FC8 /* PrimeInspecaoAppDelegate.m */,
				DFE73BBC15903BE900816FC8 /* PrimeInspecaoMasterViewController.h */,
				DFE73BBD15903BE900816FC8 /* PrimeInspecaoMasterViewController.m */,
				DF109F2515B4B6AE000660BE /* SecaoResumoView.xib */,
				DF6F5A6115C8C5BA00CF79D6 /* NSData+CITBase64.h */,
				DF6F5A6215C8C5BA00CF79D6 /* NSData+CITBase64.m */,
				DF475D1A15D3F00D0032F6BE /* UIImage+Resize.h */,
				DF475D1B15D3F00D0032F6BE /* UIImage+Resize.m */,
				DF475D1E15D3F08F0032F6BE /* UIImage+RoundedCorner.h */,
				DF475D1F15D3F08F0032F6BE /* UIImage+RoundedCorner.m */,
				DF475D2115D3F0D80032F6BE /* UIImage+Alpha.h */,
				DF475D2215D3F0D80032F6BE /* UIImage+Alpha.m */,
				DFADD41D15E838BB00A5D6D7 /* PreReportViewController.h */,
				DFADD41E15E838BB00A5D6D7 /* PreReportViewController.m */,
				DFFD6DDA1614C1A600149997 /* PreviewPdfViewController.h */,
				DFFD6DDB1614C1A600149997 /* PreviewPdfViewController.m */,
			);
			path = PrimeInspecao;
			sourceTree = "<group>";
		};
		DFE73BAB15903BE900816FC8 /* Supporting Files */ = {
			isa = PBXGroup;
			children = (
				4982FA8D15E6E1B100127F75 /* botao-02.png */,
				4982FA8515E6D12500127F75 /* alert.gif */,
				4982FA8215E6D0F800127F75 /* negative.gif */,
				49D527D815E68BFC000C7169 /* positive.gif */,
				49D527D615E688E0000C7169 /* botao-01.png */,
				49D527D215E67B38000C7169 /* bg-01.png */,
				DFE73BAC15903BE900816FC8 /* PrimeInspecao-Info.plist */,
				DFE73BAD15903BE900816FC8 /* InfoPlist.strings */,
				DFE73BB015903BE900816FC8 /* main.m */,
				DFE73BB215903BE900816FC8 /* PrimeInspecao-Prefix.pch */,
			);
			name = "Supporting Files";
			sourceTree = "<group>";
		};
/* End PBXGroup section */

/* Begin PBXNativeTarget section */
		DFE73B9D15903BE800816FC8 /* PrimeInspecao */ = {
			isa = PBXNativeTarget;
			buildConfigurationList = DFE73BC415903BE900816FC8 /* Build configuration list for PBXNativeTarget "PrimeInspecao" */;
			buildPhases = (
				DFE73B9A15903BE800816FC8 /* Sources */,
				DFE73B9B15903BE800816FC8 /* Frameworks */,
				DFE73B9C15903BE800816FC8 /* Resources */,
			);
			buildRules = (
			);
			dependencies = (
			);
			name = PrimeInspecao;
			productName = PrimeInspecao;
			productReference = DFE73B9E15903BE800816FC8 /* PrimeInspecao.app */;
			productType = "com.apple.product-type.application";
		};
/* End PBXNativeTarget section */

/* Begin PBXProject section */
		DFE73B9515903BE800816FC8 /* Project object */ = {
			isa = PBXProject;
			attributes = {
				LastUpgradeCheck = 0430;
			};
			buildConfigurationList = DFE73B9815903BE800816FC8 /* Build configuration list for PBXProject "PrimeInspecao" */;
			compatibilityVersion = "Xcode 3.2";
			developmentRegion = English;
			hasScannedForEncodings = 0;
			knownRegions = (
				en,
				pt,
			);
			mainGroup = DFE73B9315903BE800816FC8;
			productRefGroup = DFE73B9F15903BE800816FC8 /* Products */;
			projectDirPath = "";
			projectRoot = "";
			targets = (
				DFE73B9D15903BE800816FC8 /* PrimeInspecao */,
			);
		};
/* End PBXProject section */

/* Begin PBXResourcesBuildPhase section */
		DFE73B9C15903BE800816FC8 /* Resources */ = {
			isa = PBXResourcesBuildPhase;
			buildActionMask = 2147483647;
			files = (
				DFE73BAF15903BE900816FC8 /* InfoPlist.strings in Resources */,
				DFE73BB815903BE900816FC8 /* MainStoryboard.storyboard in Resources */,
				DF1ACD40159CD2790037EA64 /* SecaoPerguntasHeaderView.xib in Resources */,
				DF109F2215B4A9EE000660BE /* rate_star_half_green.png in Resources */,
				DF109F2315B4A9EE000660BE /* rate_star_off_green.png in Resources */,
				DF109F2415B4A9EE000660BE /* rate_star_on_green.png in Resources */,
				DF109F2615B4B6AE000660BE /* SecaoResumoView.xib in Resources */,
				DFA7A63D15B8750100ED2FC8 /* circle_yellow.png in Resources */,
				DFA7A63E15B8750100ED2FC8 /* circle_red.png in Resources */,
				DFA7A63F15B8750100ED2FC8 /* circle_green.png in Resources */,
				DFA7A64315B87B2A00ED2FC8 /* arrow_down_red.png in Resources */,
				DFA7A64415B87B2A00ED2FC8 /* arrow_up_green.png in Resources */,
				DFA7A64815B87C2600ED2FC8 /* rate_star_half_yellow.png in Resources */,
				DFA7A64915B87C2600ED2FC8 /* rate_star_on_yellow.png in Resources */,
				DFA7A64A15B87C2600ED2FC8 /* rate_star_off_yellow.png in Resources */,
				DFA7A64C15B89E6D00ED2FC8 /* arrow_right_gray.png in Resources */,
				DFA7A64E15B8EDDC00ED2FC8 /* prime.jpeg in Resources */,
				49D527D315E67B38000C7169 /* bg-01.png in Resources */,
				49D527D715E688E0000C7169 /* botao-01.png in Resources */,
				49D527D915E68BFC000C7169 /* positive.gif in Resources */,
				4982FA8315E6D0F800127F75 /* negative.gif in Resources */,
				4982FA8615E6D12500127F75 /* alert.gif in Resources */,
				4982FA8E15E6E1B100127F75 /* botao-02.png in Resources */,
				DFFD6DDE1615311100149997 /* accepted.png in Resources */,
				DFFD6DE01615313500149997 /* cancel.png in Resources */,
			);
			runOnlyForDeploymentPostprocessing = 0;
		};
/* End PBXResourcesBuildPhase section */

/* Begin PBXSourcesBuildPhase section */
		DFE73B9A15903BE800816FC8 /* Sources */ = {
			isa = PBXSourcesBuildPhase;
			buildActionMask = 2147483647;
			files = (
				DFADD42115E8441000A5D6D7 /* PreReportViewController.m in Sources */,
				DFE73BB115903BE900816FC8 /* main.m in Sources */,
				DFE73BB515903BE900816FC8 /* PrimeInspecaoAppDelegate.m in Sources */,
				DFE73BBB15903BE900816FC8 /* PrimeInspecao.xcdatamodeld in Sources */,
				DFE73BBE15903BE900816FC8 /* PrimeInspecaoMasterViewController.m in Sources */,
				DFE73BC115903BE900816FC8 /* ObraDetalheViewController.m in Sources */,
				DFE73BC915903EBA00816FC8 /* ObrasTableViewController.m in Sources */,
				DF71B1EE1593819500D8A52F /* SecaoPerguntasTableViewController.m in Sources */,
				DF71B20615939D2A00D8A52F /* SecaoPerguntasDetalheViewController.m in Sources */,
				DF5B4F871594050F006C2476 /* PerguntaDetalheViewController.m in Sources */,
				DF73BD3715944BDA00538178 /* MapViewAnnotation.m in Sources */,
				DFCA8BCC15950CC500790F82 /* AvaliacaoTableViewController.m in Sources */,
				DF32ED6D15981F410072AEBC /* PerguntaRespostaCell.m in Sources */,
				DF2A941C1599268700E2CDA1 /* AvaliacoesTableViewController.m in Sources */,
				DF226E10159CA36200AD73AF /* SecaoPerguntasHeaderInfo.m in Sources */,
				DF109F1A15B4A3D8000660BE /* SecaoPerguntasHeaderView.m in Sources */,
				DF109F1D15B4A3F9000660BE /* RateView.m in Sources */,
				DF109F2915B4BE1E000660BE /* ResumoAvaliacaoViewController.m in Sources */,
				DF679F0115B7A8E600DDAFC0 /* ResumoSecaoPerguntasCell.m in Sources */,
				DF33CC0B15BE70D2007C5BFE /* UIImagePickerViewController.m in Sources */,
				DF33CC1915BF1C78007C5BFE /* UIImageToDataTransformer.m in Sources */,
				DF33CC2F15BF3AA7007C5BFE /* FotosTableViewController.m in Sources */,
				DFF08D9915BF9D3C0034D15C /* FotoDetalheViewController.m in Sources */,
				DF6F5A6315C8C5BA00CF79D6 /* NSData+CITBase64.m in Sources */,
				DF475D1C15D3F00D0032F6BE /* UIImage+Resize.m in Sources */,
				DF475D2015D3F08F0032F6BE /* UIImage+RoundedCorner.m in Sources */,
				DF475D2315D3F0D80032F6BE /* UIImage+Alpha.m in Sources */,
				DFFD6DDC1614C1A600149997 /* PreviewPdfViewController.m in Sources */,
				DF0A44AB16262F5400B44CE6 /* Resposta.m in Sources */,
				DF0A44AE16262F5400B44CE6 /* Pergunta.m in Sources */,
				DF0A44B116262F5500B44CE6 /* Foto.m in Sources */,
				DF0A44B416262F5500B44CE6 /* SecaoPerguntas.m in Sources */,
				DF0A44B716262F5500B44CE6 /* Avaliacao.m in Sources */,
				DF0A44BA16262F5500B44CE6 /* Obra.m in Sources */,
			);
			runOnlyForDeploymentPostprocessing = 0;
		};
/* End PBXSourcesBuildPhase section */

/* Begin PBXVariantGroup section */
		DF109F1C15B4A3D8000660BE /* SecaoPerguntasHeaderView.m */ = {
			isa = PBXVariantGroup;
			children = (
				DF298A8115E848AA008FAE51 /* pt */,
			);
			name = SecaoPerguntasHeaderView.m;
			sourceTree = "<group>";
		};
		DFE73BAD15903BE900816FC8 /* InfoPlist.strings */ = {
			isa = PBXVariantGroup;
			children = (
				DF298A8015E848AA008FAE51 /* pt */,
			);
			name = InfoPlist.strings;
			sourceTree = "<group>";
		};
		DFE73BB615903BE900816FC8 /* MainStoryboard.storyboard */ = {
			isa = PBXVariantGroup;
			children = (
				DF298A8215E848AA008FAE51 /* pt */,
			);
			name = MainStoryboard.storyboard;
			sourceTree = "<group>";
		};
/* End PBXVariantGroup section */

/* Begin XCBuildConfiguration section */
		DFE73BC215903BE900816FC8 /* Debug */ = {
			isa = XCBuildConfiguration;
			buildSettings = {
				ALWAYS_SEARCH_USER_PATHS = NO;
				ARCHS = "$(ARCHS_STANDARD_32_BIT)";
				CLANG_ENABLE_OBJC_ARC = YES;
				"CODE_SIGN_IDENTITY[sdk=iphoneos*]" = "iPhone Developer";
				COPY_PHASE_STRIP = NO;
				GCC_C_LANGUAGE_STANDARD = gnu99;
				GCC_DYNAMIC_NO_PIC = NO;
				GCC_OPTIMIZATION_LEVEL = 0;
				GCC_PREPROCESSOR_DEFINITIONS = (
					"DEBUG=1",
					"$(inherited)",
				);
				GCC_SYMBOLS_PRIVATE_EXTERN = NO;
				GCC_VERSION = com.apple.compilers.llvm.clang.1_0;
				GCC_WARN_ABOUT_MISSING_PROTOTYPES = YES;
				GCC_WARN_ABOUT_RETURN_TYPE = YES;
				GCC_WARN_UNUSED_VARIABLE = YES;
				IPHONEOS_DEPLOYMENT_TARGET = 5.0;
				SDKROOT = iphoneos;
				TARGETED_DEVICE_FAMILY = 2;
			};
			name = Debug;
		};
		DFE73BC315903BE900816FC8 /* Release */ = {
			isa = XCBuildConfiguration;
			buildSettings = {
				ALWAYS_SEARCH_USER_PATHS = NO;
				ARCHS = "$(ARCHS_STANDARD_32_BIT)";
				CLANG_ENABLE_OBJC_ARC = YES;
				"CODE_SIGN_IDENTITY[sdk=iphoneos*]" = "iPhone Distribution: Diogo S Bastos";
				COPY_PHASE_STRIP = YES;
				GCC_C_LANGUAGE_STANDARD = gnu99;
				GCC_VERSION = com.apple.compilers.llvm.clang.1_0;
				GCC_WARN_ABOUT_MISSING_PROTOTYPES = YES;
				GCC_WARN_ABOUT_RETURN_TYPE = YES;
				GCC_WARN_UNUSED_VARIABLE = YES;
				IPHONEOS_DEPLOYMENT_TARGET = 5.0;
				OTHER_CFLAGS = "-DNS_BLOCK_ASSERTIONS=1";
				"PROVISIONING_PROFILE[sdk=iphoneos*]" = "AAF64894-B008-4200-966D-D8ED0F28A812";
				SDKROOT = iphoneos;
				TARGETED_DEVICE_FAMILY = 2;
				VALIDATE_PRODUCT = YES;
			};
			name = Release;
		};
		DFE73BC515903BE900816FC8 /* Debug */ = {
			isa = XCBuildConfiguration;
			buildSettings = {
				GCC_PRECOMPILE_PREFIX_HEADER = YES;
				GCC_PREFIX_HEADER = "PrimeInspecao/PrimeInspecao-Prefix.pch";
				INFOPLIST_FILE = "PrimeInspecao/PrimeInspecao-Info.plist";
				PRODUCT_NAME = "$(TARGET_NAME)";
				WRAPPER_EXTENSION = app;
			};
			name = Debug;
		};
		DFE73BC615903BE900816FC8 /* Release */ = {
			isa = XCBuildConfiguration;
			buildSettings = {
				GCC_PRECOMPILE_PREFIX_HEADER = YES;
				GCC_PREFIX_HEADER = "PrimeInspecao/PrimeInspecao-Prefix.pch";
				INFOPLIST_FILE = "PrimeInspecao/PrimeInspecao-Info.plist";
				PRODUCT_NAME = "$(TARGET_NAME)";
				WRAPPER_EXTENSION = app;
			};
			name = Release;
		};
/* End XCBuildConfiguration section */

/* Begin XCConfigurationList section */
		DFE73B9815903BE800816FC8 /* Build configuration list for PBXProject "PrimeInspecao" */ = {
			isa = XCConfigurationList;
			buildConfigurations = (
				DFE73BC215903BE900816FC8 /* Debug */,
				DFE73BC315903BE900816FC8 /* Release */,
			);
			defaultConfigurationIsVisible = 0;
			defaultConfigurationName = Release;
		};
		DFE73BC415903BE900816FC8 /* Build configuration list for PBXNativeTarget "PrimeInspecao" */ = {
			isa = XCConfigurationList;
			buildConfigurations = (
				DFE73BC515903BE900816FC8 /* Debug */,
				DFE73BC615903BE900816FC8 /* Release */,
			);
			defaultConfigurationIsVisible = 0;
			defaultConfigurationName = Release;
		};
/* End XCConfigurationList section */

/* Begin XCVersionGroup section */
		DFE73BB915903BE900816FC8 /* PrimeInspecao.xcdatamodeld */ = {
			isa = XCVersionGroup;
			children = (
				DFE73BBA15903BE900816FC8 /* PrimeInspecao.xcdatamodel */,
			);
			currentVersion = DFE73BBA15903BE900816FC8 /* PrimeInspecao.xcdatamodel */;
			name = PrimeInspecao.xcdatamodeld;
			path = PrimeInspecao/PrimeInspecao.xcdatamodeld;
			sourceTree = "<group>";
			versionGroupType = wrapper.xcdatamodel;
		};
/* End XCVersionGroup section */
	};
	rootObject = DFE73B9515903BE800816FC8 /* Project object */;
}
