// !$*UTF8*$!
{
	archiveVersion = 1;
	classes = {
	};
	objectVersion = 46;
	objects = {

/* Begin PBXBuildFile section */
		DF5B4F871594050F006C2476 /* PerguntaDetalheViewController.m in Sources */ = {isa = PBXBuildFile; fileRef = DF5B4F861594050F006C2476 /* PerguntaDetalheViewController.m */; };
		DF71B1DE1593803B00D8A52F /* Obra.m in Sources */ = {isa = PBXBuildFile; fileRef = DF71B1DD1593803B00D8A52F /* Obra.m */; };
		DF71B1E21593803C00D8A52F /* Avaliacao.m in Sources */ = {isa = PBXBuildFile; fileRef = DF71B1E11593803C00D8A52F /* Avaliacao.m */; };
		DF71B1EB1593803C00D8A52F /* Resposta.m in Sources */ = {isa = PBXBuildFile; fileRef = DF71B1EA1593803C00D8A52F /* Resposta.m */; };
		DF71B1EE1593819500D8A52F /* SecaoPerguntasTableViewController.m in Sources */ = {isa = PBXBuildFile; fileRef = DF71B1ED1593819500D8A52F /* SecaoPerguntasTableViewController.m */; };
		DF71B1FC159385B000D8A52F /* Pergunta.m in Sources */ = {isa = PBXBuildFile; fileRef = DF71B1FB159385B000D8A52F /* Pergunta.m */; };
		DF71B1FF159385B000D8A52F /* SecaoPerguntas.m in Sources */ = {isa = PBXBuildFile; fileRef = DF71B1FE159385B000D8A52F /* SecaoPerguntas.m */; };
		DF71B20615939D2A00D8A52F /* SecaoPerguntasDetalheViewController.m in Sources */ = {isa = PBXBuildFile; fileRef = DF71B20515939D2A00D8A52F /* SecaoPerguntasDetalheViewController.m */; };
		DF73BD3315943D0600538178 /* MapKit.framework in Frameworks */ = {isa = PBXBuildFile; fileRef = DF73BD3215943D0600538178 /* MapKit.framework */; };
		DF73BD3715944BDA00538178 /* MapViewAnnotation.m in Sources */ = {isa = PBXBuildFile; fileRef = DF73BD3615944BDA00538178 /* MapViewAnnotation.m */; };
		DFCA8BCC15950CC500790F82 /* AvaliacaoTableViewController.m in Sources */ = {isa = PBXBuildFile; fileRef = DFCA8BCB15950CC500790F82 /* AvaliacaoTableViewController.m */; };
		DFE73BA315903BE900816FC8 /* UIKit.framework in Frameworks */ = {isa = PBXBuildFile; fileRef = DFE73BA215903BE800816FC8 /* UIKit.framework */; };
		DFE73BA515903BE900816FC8 /* Foundation.framework in Frameworks */ = {isa = PBXBuildFile; fileRef = DFE73BA415903BE900816FC8 /* Foundation.framework */; };
		DFE73BA715903BE900816FC8 /* CoreGraphics.framework in Frameworks */ = {isa = PBXBuildFile; fileRef = DFE73BA615903BE900816FC8 /* CoreGraphics.framework */; };
		DFE73BA915903BE900816FC8 /* CoreData.framework in Frameworks */ = {isa = PBXBuildFile; fileRef = DFE73BA815903BE900816FC8 /* CoreData.framework */; };
		DFE73BAF15903BE900816FC8 /* InfoPlist.strings in Resources */ = {isa = PBXBuildFile; fileRef = DFE73BAD15903BE900816FC8 /* InfoPlist.strings */; };
		DFE73BB115903BE900816FC8 /* main.m in Sources */ = {isa = PBXBuildFile; fileRef = DFE73BB015903BE900816FC8 /* main.m */; };
		DFE73BB515903BE900816FC8 /* PrimeInspecaoAppDelegate.m in Sources */ = {isa = PBXBuildFile; fileRef = DFE73BB415903BE900816FC8 /* PrimeInspecaoAppDelegate.m */; };
		DFE73BB815903BE900816FC8 /* MainStoryboard.storyboard in Resources */ = {isa = PBXBuildFile; fileRef = DFE73BB615903BE900816FC8 /* MainStoryboard.storyboard */; };
		DFE73BBB15903BE900816FC8 /* PrimeInspecao.xcdatamodeld in Sources */ = {isa = PBXBuildFile; fileRef = DFE73BB915903BE900816FC8 /* PrimeInspecao.xcdatamodeld */; };
		DFE73BBE15903BE900816FC8 /* PrimeInspecaoMasterViewController.m in Sources */ = {isa = PBXBuildFile; fileRef = DFE73BBD15903BE900816FC8 /* PrimeInspecaoMasterViewController.m */; };
		DFE73BC115903BE900816FC8 /* ObraDetalheViewController.m in Sources */ = {isa = PBXBuildFile; fileRef = DFE73BC015903BE900816FC8 /* ObraDetalheViewController.m */; };
		DFE73BC915903EBA00816FC8 /* ObrasTableViewController.m in Sources */ = {isa = PBXBuildFile; fileRef = DFE73BC815903EBA00816FC8 /* ObrasTableViewController.m */; };
/* End PBXBuildFile section */

/* Begin PBXFileReference section */
		DF5B4F851594050F006C2476 /* PerguntaDetalheViewController.h */ = {isa = PBXFileReference; fileEncoding = 4; lastKnownFileType = sourcecode.c.h; name = PerguntaDetalheViewController.h; path = PrimeInspecao/PerguntaDetalheViewController.h; sourceTree = "<group>"; };
		DF5B4F861594050F006C2476 /* PerguntaDetalheViewController.m */ = {isa = PBXFileReference; fileEncoding = 4; lastKnownFileType = sourcecode.c.objc; name = PerguntaDetalheViewController.m; path = PrimeInspecao/PerguntaDetalheViewController.m; sourceTree = "<group>"; };
		DF71B1DC1593803B00D8A52F /* Obra.h */ = {isa = PBXFileReference; fileEncoding = 4; lastKnownFileType = sourcecode.c.h; name = Obra.h; path = PrimeInspecao/Obra.h; sourceTree = "<group>"; };
		DF71B1DD1593803B00D8A52F /* Obra.m */ = {isa = PBXFileReference; fileEncoding = 4; lastKnownFileType = sourcecode.c.objc; name = Obra.m; path = PrimeInspecao/Obra.m; sourceTree = "<group>"; };
		DF71B1E01593803C00D8A52F /* Avaliacao.h */ = {isa = PBXFileReference; fileEncoding = 4; lastKnownFileType = sourcecode.c.h; name = Avaliacao.h; path = PrimeInspecao/Avaliacao.h; sourceTree = "<group>"; };
		DF71B1E11593803C00D8A52F /* Avaliacao.m */ = {isa = PBXFileReference; fileEncoding = 4; lastKnownFileType = sourcecode.c.objc; name = Avaliacao.m; path = PrimeInspecao/Avaliacao.m; sourceTree = "<group>"; };
		DF71B1E91593803C00D8A52F /* Resposta.h */ = {isa = PBXFileReference; fileEncoding = 4; lastKnownFileType = sourcecode.c.h; name = Resposta.h; path = PrimeInspecao/Resposta.h; sourceTree = "<group>"; };
		DF71B1EA1593803C00D8A52F /* Resposta.m */ = {isa = PBXFileReference; fileEncoding = 4; lastKnownFileType = sourcecode.c.objc; name = Resposta.m; path = PrimeInspecao/Resposta.m; sourceTree = "<group>"; };
		DF71B1EC1593819500D8A52F /* SecaoPerguntasTableViewController.h */ = {isa = PBXFileReference; fileEncoding = 4; lastKnownFileType = sourcecode.c.h; name = SecaoPerguntasTableViewController.h; path = PrimeInspecao/SecaoPerguntasTableViewController.h; sourceTree = "<group>"; };
		DF71B1ED1593819500D8A52F /* SecaoPerguntasTableViewController.m */ = {isa = PBXFileReference; fileEncoding = 4; lastKnownFileType = sourcecode.c.objc; name = SecaoPerguntasTableViewController.m; path = PrimeInspecao/SecaoPerguntasTableViewController.m; sourceTree = "<group>"; };
		DF71B1FA159385B000D8A52F /* Pergunta.h */ = {isa = PBXFileReference; fileEncoding = 4; lastKnownFileType = sourcecode.c.h; name = Pergunta.h; path = PrimeInspecao/Pergunta.h; sourceTree = "<group>"; };
		DF71B1FB159385B000D8A52F /* Pergunta.m */ = {isa = PBXFileReference; fileEncoding = 4; lastKnownFileType = sourcecode.c.objc; name = Pergunta.m; path = PrimeInspecao/Pergunta.m; sourceTree = "<group>"; };
		DF71B1FD159385B000D8A52F /* SecaoPerguntas.h */ = {isa = PBXFileReference; fileEncoding = 4; lastKnownFileType = sourcecode.c.h; name = SecaoPerguntas.h; path = PrimeInspecao/SecaoPerguntas.h; sourceTree = "<group>"; };
		DF71B1FE159385B000D8A52F /* SecaoPerguntas.m */ = {isa = PBXFileReference; fileEncoding = 4; lastKnownFileType = sourcecode.c.objc; name = SecaoPerguntas.m; path = PrimeInspecao/SecaoPerguntas.m; sourceTree = "<group>"; };
		DF71B20415939D2A00D8A52F /* SecaoPerguntasDetalheViewController.h */ = {isa = PBXFileReference; fileEncoding = 4; lastKnownFileType = sourcecode.c.h; name = SecaoPerguntasDetalheViewController.h; path = PrimeInspecao/SecaoPerguntasDetalheViewController.h; sourceTree = "<group>"; };
		DF71B20515939D2A00D8A52F /* SecaoPerguntasDetalheViewController.m */ = {isa = PBXFileReference; fileEncoding = 4; lastKnownFileType = sourcecode.c.objc; name = SecaoPerguntasDetalheViewController.m; path = PrimeInspecao/SecaoPerguntasDetalheViewController.m; sourceTree = "<group>"; };
		DF73BD3215943D0600538178 /* MapKit.framework */ = {isa = PBXFileReference; lastKnownFileType = wrapper.framework; name = MapKit.framework; path = System/Library/Frameworks/MapKit.framework; sourceTree = SDKROOT; };
		DF73BD3515944BDA00538178 /* MapViewAnnotation.h */ = {isa = PBXFileReference; fileEncoding = 4; lastKnownFileType = sourcecode.c.h; path = MapViewAnnotation.h; sourceTree = "<group>"; };
		DF73BD3615944BDA00538178 /* MapViewAnnotation.m */ = {isa = PBXFileReference; fileEncoding = 4; lastKnownFileType = sourcecode.c.objc; path = MapViewAnnotation.m; sourceTree = "<group>"; };
		DFCA8BCA15950CC500790F82 /* AvaliacaoTableViewController.h */ = {isa = PBXFileReference; fileEncoding = 4; lastKnownFileType = sourcecode.c.h; path = AvaliacaoTableViewController.h; sourceTree = "<group>"; };
		DFCA8BCB15950CC500790F82 /* AvaliacaoTableViewController.m */ = {isa = PBXFileReference; fileEncoding = 4; lastKnownFileType = sourcecode.c.objc; path = AvaliacaoTableViewController.m; sourceTree = "<group>"; };
		DFE73B9E15903BE800816FC8 /* PrimeInspecao.app */ = {isa = PBXFileReference; explicitFileType = wrapper.application; includeInIndex = 0; path = PrimeInspecao.app; sourceTree = BUILT_PRODUCTS_DIR; };
		DFE73BA215903BE800816FC8 /* UIKit.framework */ = {isa = PBXFileReference; lastKnownFileType = wrapper.framework; name = UIKit.framework; path = System/Library/Frameworks/UIKit.framework; sourceTree = SDKROOT; };
		DFE73BA415903BE900816FC8 /* Foundation.framework */ = {isa = PBXFileReference; lastKnownFileType = wrapper.framework; name = Foundation.framework; path = System/Library/Frameworks/Foundation.framework; sourceTree = SDKROOT; };
		DFE73BA615903BE900816FC8 /* CoreGraphics.framework */ = {isa = PBXFileReference; lastKnownFileType = wrapper.framework; name = CoreGraphics.framework; path = System/Library/Frameworks/CoreGraphics.framework; sourceTree = SDKROOT; };
		DFE73BA815903BE900816FC8 /* CoreData.framework */ = {isa = PBXFileReference; lastKnownFileType = wrapper.framework; name = CoreData.framework; path = System/Library/Frameworks/CoreData.framework; sourceTree = SDKROOT; };
		DFE73BAC15903BE900816FC8 /* PrimeInspecao-Info.plist */ = {isa = PBXFileReference; lastKnownFileType = text.plist.xml; path = "PrimeInspecao-Info.plist"; sourceTree = "<group>"; };
		DFE73BAE15903BE900816FC8 /* en */ = {isa = PBXFileReference; lastKnownFileType = text.plist.strings; name = en; path = en.lproj/InfoPlist.strings; sourceTree = "<group>"; };
		DFE73BB015903BE900816FC8 /* main.m */ = {isa = PBXFileReference; lastKnownFileType = sourcecode.c.objc; path = main.m; sourceTree = "<group>"; };
		DFE73BB215903BE900816FC8 /* PrimeInspecao-Prefix.pch */ = {isa = PBXFileReference; lastKnownFileType = sourcecode.c.h; path = "PrimeInspecao-Prefix.pch"; sourceTree = "<group>"; };
		DFE73BB315903BE900816FC8 /* PrimeInspecaoAppDelegate.h */ = {isa = PBXFileReference; lastKnownFileType = sourcecode.c.h; path = PrimeInspecaoAppDelegate.h; sourceTree = "<group>"; };
		DFE73BB415903BE900816FC8 /* PrimeInspecaoAppDelegate.m */ = {isa = PBXFileReference; lastKnownFileType = sourcecode.c.objc; path = PrimeInspecaoAppDelegate.m; sourceTree = "<group>"; };
		DFE73BB715903BE900816FC8 /* en */ = {isa = PBXFileReference; lastKnownFileType = file.storyboard; name = en; path = en.lproj/MainStoryboard.storyboard; sourceTree = "<group>"; };
		DFE73BBA15903BE900816FC8 /* PrimeInspecao.xcdatamodel */ = {isa = PBXFileReference; lastKnownFileType = wrapper.xcdatamodel; path = PrimeInspecao.xcdatamodel; sourceTree = "<group>"; };
		DFE73BBC15903BE900816FC8 /* PrimeInspecaoMasterViewController.h */ = {isa = PBXFileReference; lastKnownFileType = sourcecode.c.h; path = PrimeInspecaoMasterViewController.h; sourceTree = "<group>"; };
		DFE73BBD15903BE900816FC8 /* PrimeInspecaoMasterViewController.m */ = {isa = PBXFileReference; lastKnownFileType = sourcecode.c.objc; path = PrimeInspecaoMasterViewController.m; sourceTree = "<group>"; };
		DFE73BBF15903BE900816FC8 /* ObraDetalheViewController.h */ = {isa = PBXFileReference; lastKnownFileType = sourcecode.c.h; path = ObraDetalheViewController.h; sourceTree = "<group>"; };
		DFE73BC015903BE900816FC8 /* ObraDetalheViewController.m */ = {isa = PBXFileReference; lastKnownFileType = sourcecode.c.objc; path = ObraDetalheViewController.m; sourceTree = "<group>"; };
		DFE73BC715903EBA00816FC8 /* ObrasTableViewController.h */ = {isa = PBXFileReference; fileEncoding = 4; lastKnownFileType = sourcecode.c.h; path = ObrasTableViewController.h; sourceTree = "<group>"; };
		DFE73BC815903EBA00816FC8 /* ObrasTableViewController.m */ = {isa = PBXFileReference; fileEncoding = 4; lastKnownFileType = sourcecode.c.objc; path = ObrasTableViewController.m; sourceTree = "<group>"; };
/* End PBXFileReference section */

/* Begin PBXFrameworksBuildPhase section */
		DFE73B9B15903BE800816FC8 /* Frameworks */ = {
			isa = PBXFrameworksBuildPhase;
			buildActionMask = 2147483647;
			files = (
				DF73BD3315943D0600538178 /* MapKit.framework in Frameworks */,
				DFE73BA315903BE900816FC8 /* UIKit.framework in Frameworks */,
				DFE73BA515903BE900816FC8 /* Foundation.framework in Frameworks */,
				DFE73BA715903BE900816FC8 /* CoreGraphics.framework in Frameworks */,
				DFE73BA915903BE900816FC8 /* CoreData.framework in Frameworks */,
			);
			runOnlyForDeploymentPostprocessing = 0;
		};
/* End PBXFrameworksBuildPhase section */

/* Begin PBXGroup section */
		DF71B1F3159381CA00D8A52F /* Model and Model Classes */ = {
			isa = PBXGroup;
			children = (
				DFE73BB915903BE900816FC8 /* PrimeInspecao.xcdatamodeld */,
				DF71B1FD159385B000D8A52F /* SecaoPerguntas.h */,
				DF71B1FE159385B000D8A52F /* SecaoPerguntas.m */,
				DF71B1FA159385B000D8A52F /* Pergunta.h */,
				DF71B1FB159385B000D8A52F /* Pergunta.m */,
				DF71B1DC1593803B00D8A52F /* Obra.h */,
				DF71B1DD1593803B00D8A52F /* Obra.m */,
				DF71B1E91593803C00D8A52F /* Resposta.h */,
				DF71B1EA1593803C00D8A52F /* Resposta.m */,
				DF71B1E01593803C00D8A52F /* Avaliacao.h */,
				DF71B1E11593803C00D8A52F /* Avaliacao.m */,
			);
			name = "Model and Model Classes";
			path = ..;
			sourceTree = "<group>";
		};
		DF71B2421593B1B000D8A52F /* Perguntas */ = {
			isa = PBXGroup;
			children = (
				DF5B4F851594050F006C2476 /* PerguntaDetalheViewController.h */,
				DF5B4F861594050F006C2476 /* PerguntaDetalheViewController.m */,
				DF71B1EC1593819500D8A52F /* SecaoPerguntasTableViewController.h */,
				DF71B1ED1593819500D8A52F /* SecaoPerguntasTableViewController.m */,
				DF71B20415939D2A00D8A52F /* SecaoPerguntasDetalheViewController.h */,
				DF71B20515939D2A00D8A52F /* SecaoPerguntasDetalheViewController.m */,
			);
			name = Perguntas;
			path = ..;
			sourceTree = "<group>";
		};
		DFCA8BC715950B8A00790F82 /* Obras */ = {
			isa = PBXGroup;
			children = (
				DFE73BC715903EBA00816FC8 /* ObrasTableViewController.h */,
				DFE73BC815903EBA00816FC8 /* ObrasTableViewController.m */,
				DFE73BBF15903BE900816FC8 /* ObraDetalheViewController.h */,
				DFE73BC015903BE900816FC8 /* ObraDetalheViewController.m */,
				DF73BD3515944BDA00538178 /* MapViewAnnotation.h */,
				DF73BD3615944BDA00538178 /* MapViewAnnotation.m */,
			);
			name = Obras;
			sourceTree = "<group>";
		};
		DFCA8BC915950BC100790F82 /* Avaliacao */ = {
			isa = PBXGroup;
			children = (
				DFCA8BCA15950CC500790F82 /* AvaliacaoTableViewController.h */,
				DFCA8BCB15950CC500790F82 /* AvaliacaoTableViewController.m */,
			);
			name = Avaliacao;
			sourceTree = "<group>";
		};
		DFE73B9315903BE800816FC8 = {
			isa = PBXGroup;
			children = (
				DFE73BAA15903BE900816FC8 /* PrimeInspecao */,
				DFE73BA115903BE800816FC8 /* Frameworks */,
				DFE73B9F15903BE800816FC8 /* Products */,
			);
			sourceTree = "<group>";
		};
		DFE73B9F15903BE800816FC8 /* Products */ = {
			isa = PBXGroup;
			children = (
				DFE73B9E15903BE800816FC8 /* PrimeInspecao.app */,
			);
			name = Products;
			sourceTree = "<group>";
		};
		DFE73BA115903BE800816FC8 /* Frameworks */ = {
			isa = PBXGroup;
			children = (
				DF73BD3215943D0600538178 /* MapKit.framework */,
				DFE73BA215903BE800816FC8 /* UIKit.framework */,
				DFE73BA415903BE900816FC8 /* Foundation.framework */,
				DFE73BA615903BE900816FC8 /* CoreGraphics.framework */,
				DFE73BA815903BE900816FC8 /* CoreData.framework */,
			);
			name = Frameworks;
			sourceTree = "<group>";
		};
		DFE73BAA15903BE900816FC8 /* PrimeInspecao */ = {
			isa = PBXGroup;
			children = (
				DFE73BAB15903BE900816FC8 /* Supporting Files */,
				DF71B1F3159381CA00D8A52F /* Model and Model Classes */,
				DF71B2421593B1B000D8A52F /* Perguntas */,
				DFCA8BC715950B8A00790F82 /* Obras */,
				DFCA8BC915950BC100790F82 /* Avaliacao */,
				DFE73BB615903BE900816FC8 /* MainStoryboard.storyboard */,
				DFE73BB315903BE900816FC8 /* PrimeInspecaoAppDelegate.h */,
				DFE73BB415903BE900816FC8 /* PrimeInspecaoAppDelegate.m */,
				DFE73BBC15903BE900816FC8 /* PrimeInspecaoMasterViewController.h */,
				DFE73BBD15903BE900816FC8 /* PrimeInspecaoMasterViewController.m */,
			);
			path = PrimeInspecao;
			sourceTree = "<group>";
		};
		DFE73BAB15903BE900816FC8 /* Supporting Files */ = {
			isa = PBXGroup;
			children = (
				DFE73BAC15903BE900816FC8 /* PrimeInspecao-Info.plist */,
				DFE73BAD15903BE900816FC8 /* InfoPlist.strings */,
				DFE73BB015903BE900816FC8 /* main.m */,
				DFE73BB215903BE900816FC8 /* PrimeInspecao-Prefix.pch */,
			);
			name = "Supporting Files";
			sourceTree = "<group>";
		};
/* End PBXGroup section */

/* Begin PBXNativeTarget section */
		DFE73B9D15903BE800816FC8 /* PrimeInspecao */ = {
			isa = PBXNativeTarget;
			buildConfigurationList = DFE73BC415903BE900816FC8 /* Build configuration list for PBXNativeTarget "PrimeInspecao" */;
			buildPhases = (
				DFE73B9A15903BE800816FC8 /* Sources */,
				DFE73B9B15903BE800816FC8 /* Frameworks */,
				DFE73B9C15903BE800816FC8 /* Resources */,
			);
			buildRules = (
			);
			dependencies = (
			);
			name = PrimeInspecao;
			productName = PrimeInspecao;
			productReference = DFE73B9E15903BE800816FC8 /* PrimeInspecao.app */;
			productType = "com.apple.product-type.application";
		};
/* End PBXNativeTarget section */

/* Begin PBXProject section */
		DFE73B9515903BE800816FC8 /* Project object */ = {
			isa = PBXProject;
			attributes = {
				LastUpgradeCheck = 0430;
			};
			buildConfigurationList = DFE73B9815903BE800816FC8 /* Build configuration list for PBXProject "PrimeInspecao" */;
			compatibilityVersion = "Xcode 3.2";
			developmentRegion = English;
			hasScannedForEncodings = 0;
			knownRegions = (
				en,
			);
			mainGroup = DFE73B9315903BE800816FC8;
			productRefGroup = DFE73B9F15903BE800816FC8 /* Products */;
			projectDirPath = "";
			projectRoot = "";
			targets = (
				DFE73B9D15903BE800816FC8 /* PrimeInspecao */,
			);
		};
/* End PBXProject section */

/* Begin PBXResourcesBuildPhase section */
		DFE73B9C15903BE800816FC8 /* Resources */ = {
			isa = PBXResourcesBuildPhase;
			buildActionMask = 2147483647;
			files = (
				DFE73BAF15903BE900816FC8 /* InfoPlist.strings in Resources */,
				DFE73BB815903BE900816FC8 /* MainStoryboard.storyboard in Resources */,
			);
			runOnlyForDeploymentPostprocessing = 0;
		};
/* End PBXResourcesBuildPhase section */

/* Begin PBXSourcesBuildPhase section */
		DFE73B9A15903BE800816FC8 /* Sources */ = {
			isa = PBXSourcesBuildPhase;
			buildActionMask = 2147483647;
			files = (
				DFE73BB115903BE900816FC8 /* main.m in Sources */,
				DFE73BB515903BE900816FC8 /* PrimeInspecaoAppDelegate.m in Sources */,
				DFE73BBB15903BE900816FC8 /* PrimeInspecao.xcdatamodeld in Sources */,
				DFE73BBE15903BE900816FC8 /* PrimeInspecaoMasterViewController.m in Sources */,
				DFE73BC115903BE900816FC8 /* ObraDetalheViewController.m in Sources */,
				DFE73BC915903EBA00816FC8 /* ObrasTableViewController.m in Sources */,
				DF71B1DE1593803B00D8A52F /* Obra.m in Sources */,
				DF71B1E21593803C00D8A52F /* Avaliacao.m in Sources */,
				DF71B1EB1593803C00D8A52F /* Resposta.m in Sources */,
				DF71B1EE1593819500D8A52F /* SecaoPerguntasTableViewController.m in Sources */,
				DF71B1FC159385B000D8A52F /* Pergunta.m in Sources */,
				DF71B1FF159385B000D8A52F /* SecaoPerguntas.m in Sources */,
				DF71B20615939D2A00D8A52F /* SecaoPerguntasDetalheViewController.m in Sources */,
				DF5B4F871594050F006C2476 /* PerguntaDetalheViewController.m in Sources */,
				DF73BD3715944BDA00538178 /* MapViewAnnotation.m in Sources */,
				DFCA8BCC15950CC500790F82 /* AvaliacaoTableViewController.m in Sources */,
			);
			runOnlyForDeploymentPostprocessing = 0;
		};
/* End PBXSourcesBuildPhase section */

/* Begin PBXVariantGroup section */
		DFE73BAD15903BE900816FC8 /* InfoPlist.strings */ = {
			isa = PBXVariantGroup;
			children = (
				DFE73BAE15903BE900816FC8 /* en */,
			);
			name = InfoPlist.strings;
			sourceTree = "<group>";
		};
		DFE73BB615903BE900816FC8 /* MainStoryboard.storyboard */ = {
			isa = PBXVariantGroup;
			children = (
				DFE73BB715903BE900816FC8 /* en */,
			);
			name = MainStoryboard.storyboard;
			sourceTree = "<group>";
		};
/* End PBXVariantGroup section */

/* Begin XCBuildConfiguration section */
		DFE73BC215903BE900816FC8 /* Debug */ = {
			isa = XCBuildConfiguration;
			buildSettings = {
				ALWAYS_SEARCH_USER_PATHS = NO;
				ARCHS = "$(ARCHS_STANDARD_32_BIT)";
				CLANG_ENABLE_OBJC_ARC = YES;
				"CODE_SIGN_IDENTITY[sdk=iphoneos*]" = "iPhone Developer";
				COPY_PHASE_STRIP = NO;
				GCC_C_LANGUAGE_STANDARD = gnu99;
				GCC_DYNAMIC_NO_PIC = NO;
				GCC_OPTIMIZATION_LEVEL = 0;
				GCC_PREPROCESSOR_DEFINITIONS = (
					"DEBUG=1",
					"$(inherited)",
				);
				GCC_SYMBOLS_PRIVATE_EXTERN = NO;
				GCC_VERSION = com.apple.compilers.llvm.clang.1_0;
				GCC_WARN_ABOUT_MISSING_PROTOTYPES = YES;
				GCC_WARN_ABOUT_RETURN_TYPE = YES;
				GCC_WARN_UNUSED_VARIABLE = YES;
				IPHONEOS_DEPLOYMENT_TARGET = 5.0;
				SDKROOT = iphoneos;
				TARGETED_DEVICE_FAMILY = 2;
			};
			name = Debug;
		};
		DFE73BC315903BE900816FC8 /* Release */ = {
			isa = XCBuildConfiguration;
			buildSettings = {
				ALWAYS_SEARCH_USER_PATHS = NO;
				ARCHS = "$(ARCHS_STANDARD_32_BIT)";
				CLANG_ENABLE_OBJC_ARC = YES;
				"CODE_SIGN_IDENTITY[sdk=iphoneos*]" = "iPhone Developer";
				COPY_PHASE_STRIP = YES;
				GCC_C_LANGUAGE_STANDARD = gnu99;
				GCC_VERSION = com.apple.compilers.llvm.clang.1_0;
				GCC_WARN_ABOUT_MISSING_PROTOTYPES = YES;
				GCC_WARN_ABOUT_RETURN_TYPE = YES;
				GCC_WARN_UNUSED_VARIABLE = YES;
				IPHONEOS_DEPLOYMENT_TARGET = 5.0;
				OTHER_CFLAGS = "-DNS_BLOCK_ASSERTIONS=1";
				SDKROOT = iphoneos;
				TARGETED_DEVICE_FAMILY = 2;
				VALIDATE_PRODUCT = YES;
			};
			name = Release;
		};
		DFE73BC515903BE900816FC8 /* Debug */ = {
			isa = XCBuildConfiguration;
			buildSettings = {
				GCC_PRECOMPILE_PREFIX_HEADER = YES;
				GCC_PREFIX_HEADER = "PrimeInspecao/PrimeInspecao-Prefix.pch";
				INFOPLIST_FILE = "PrimeInspecao/PrimeInspecao-Info.plist";
				PRODUCT_NAME = "$(TARGET_NAME)";
				WRAPPER_EXTENSION = app;
			};
			name = Debug;
		};
		DFE73BC615903BE900816FC8 /* Release */ = {
			isa = XCBuildConfiguration;
			buildSettings = {
				GCC_PRECOMPILE_PREFIX_HEADER = YES;
				GCC_PREFIX_HEADER = "PrimeInspecao/PrimeInspecao-Prefix.pch";
				INFOPLIST_FILE = "PrimeInspecao/PrimeInspecao-Info.plist";
				PRODUCT_NAME = "$(TARGET_NAME)";
				WRAPPER_EXTENSION = app;
			};
			name = Release;
		};
/* End XCBuildConfiguration section */

/* Begin XCConfigurationList section */
		DFE73B9815903BE800816FC8 /* Build configuration list for PBXProject "PrimeInspecao" */ = {
			isa = XCConfigurationList;
			buildConfigurations = (
				DFE73BC215903BE900816FC8 /* Debug */,
				DFE73BC315903BE900816FC8 /* Release */,
			);
			defaultConfigurationIsVisible = 0;
			defaultConfigurationName = Release;
		};
		DFE73BC415903BE900816FC8 /* Build configuration list for PBXNativeTarget "PrimeInspecao" */ = {
			isa = XCConfigurationList;
			buildConfigurations = (
				DFE73BC515903BE900816FC8 /* Debug */,
				DFE73BC615903BE900816FC8 /* Release */,
			);
			defaultConfigurationIsVisible = 0;
			defaultConfigurationName = Release;
		};
/* End XCConfigurationList section */

/* Begin XCVersionGroup section */
		DFE73BB915903BE900816FC8 /* PrimeInspecao.xcdatamodeld */ = {
			isa = XCVersionGroup;
			children = (
				DFE73BBA15903BE900816FC8 /* PrimeInspecao.xcdatamodel */,
			);
			currentVersion = DFE73BBA15903BE900816FC8 /* PrimeInspecao.xcdatamodel */;
			name = PrimeInspecao.xcdatamodeld;
			path = PrimeInspecao/PrimeInspecao.xcdatamodeld;
			sourceTree = "<group>";
			versionGroupType = wrapper.xcdatamodel;
		};
/* End XCVersionGroup section */
	};
	rootObject = DFE73B9515903BE800816FC8 /* Project object */;
}
